// !$*UTF8*$!
{
	archiveVersion = 1;
	classes = {
	};
	objectVersion = 50;
	objects = {

/* Begin PBXBuildFile section */
		0DD30088235ED00300EA7DE1 /* Animation.swift in Sources */ = {isa = PBXBuildFile; fileRef = 0DD30087235ED00300EA7DE1 /* Animation.swift */; };
		20D631F80C4A816E2DD20903 /* Pods_ExamenRappiUITests.framework in Frameworks */ = {isa = PBXBuildFile; fileRef = FBD7098420A8A93C7FDBF6B7 /* Pods_ExamenRappiUITests.framework */; };
		5CCF2A39F9B7386B6E7547B2 /* Pods_ExamenRappi.framework in Frameworks */ = {isa = PBXBuildFile; fileRef = 6D21EC75CBACCCE374F4E52A /* Pods_ExamenRappi.framework */; };
		7661D07EAA62AD52BF13D1A2 /* Pods_ExamenRappiTests.framework in Frameworks */ = {isa = PBXBuildFile; fileRef = 7A87BAB824F86AB9D69815EA /* Pods_ExamenRappiTests.framework */; };
		8808583C235B906D0077008A /* AppDelegate.swift in Sources */ = {isa = PBXBuildFile; fileRef = 8808583B235B906D0077008A /* AppDelegate.swift */; };
		88085841235B906D0077008A /* Main.storyboard in Resources */ = {isa = PBXBuildFile; fileRef = 8808583F235B906D0077008A /* Main.storyboard */; };
		88085843235B906E0077008A /* Assets.xcassets in Resources */ = {isa = PBXBuildFile; fileRef = 88085842235B906E0077008A /* Assets.xcassets */; };
		88085846235B906E0077008A /* LaunchScreen.storyboard in Resources */ = {isa = PBXBuildFile; fileRef = 88085844235B906E0077008A /* LaunchScreen.storyboard */; };
		88085851235B906E0077008A /* ExamenRappiTests.swift in Sources */ = {isa = PBXBuildFile; fileRef = 88085850235B906E0077008A /* ExamenRappiTests.swift */; };
		8808585C235B906E0077008A /* ExamenRappiUITests.swift in Sources */ = {isa = PBXBuildFile; fileRef = 8808585B235B906E0077008A /* ExamenRappiUITests.swift */; };
		8808586B235B99910077008A /* splash.gif in Resources */ = {isa = PBXBuildFile; fileRef = 8808586A235B99910077008A /* splash.gif */; };
		88085870235B99DB0077008A /* SplashViewController.swift in Sources */ = {isa = PBXBuildFile; fileRef = 8808586F235B99DB0077008A /* SplashViewController.swift */; };
		88085874235BA40C0077008A /* APIUtils.swift in Sources */ = {isa = PBXBuildFile; fileRef = 88085873235BA40C0077008A /* APIUtils.swift */; };
		88085877235BA4610077008A /* Constants.swift in Sources */ = {isa = PBXBuildFile; fileRef = 88085876235BA4610077008A /* Constants.swift */; };
		88085879235BA6830077008A /* ApiRouterMovies.swift in Sources */ = {isa = PBXBuildFile; fileRef = 88085878235BA6830077008A /* ApiRouterMovies.swift */; };
		8808587C235BA6B20077008A /* Movies.swift in Sources */ = {isa = PBXBuildFile; fileRef = 8808587B235BA6B20077008A /* Movies.swift */; };
		8808587E235BA6E70077008A /* Results.swift in Sources */ = {isa = PBXBuildFile; fileRef = 8808587D235BA6E70077008A /* Results.swift */; };
		88085880235BA7020077008A /* Videos.swift in Sources */ = {isa = PBXBuildFile; fileRef = 8808587F235BA7020077008A /* Videos.swift */; };
		88085882235BA7170077008A /* Errors.swift in Sources */ = {isa = PBXBuildFile; fileRef = 88085881235BA7170077008A /* Errors.swift */; };
		88085884235BA7360077008A /* ResultsTv.swift in Sources */ = {isa = PBXBuildFile; fileRef = 88085883235BA7360077008A /* ResultsTv.swift */; };
		88085886235BA7520077008A /* Tvs.swift in Sources */ = {isa = PBXBuildFile; fileRef = 88085885235BA7520077008A /* Tvs.swift */; };
		88085888235BA7900077008A /* ServiceManager.swift in Sources */ = {isa = PBXBuildFile; fileRef = 88085887235BA7900077008A /* ServiceManager.swift */; };
		8808588B235BA7E40077008A /* DataSourceManager.swift in Sources */ = {isa = PBXBuildFile; fileRef = 8808588A235BA7E40077008A /* DataSourceManager.swift */; };
		8808588D235BA80D0077008A /* RealmCacheManager.swift in Sources */ = {isa = PBXBuildFile; fileRef = 8808588C235BA80D0077008A /* RealmCacheManager.swift */; };
		8808588F235BA8270077008A /* RealmHelper.swift in Sources */ = {isa = PBXBuildFile; fileRef = 8808588E235BA8270077008A /* RealmHelper.swift */; };
		88085891235BA84B0077008A /* RealmCacheEntryModel.swift in Sources */ = {isa = PBXBuildFile; fileRef = 88085890235BA84B0077008A /* RealmCacheEntryModel.swift */; };
		88085893235BAA1B0077008A /* DateExtension.swift in Sources */ = {isa = PBXBuildFile; fileRef = 88085892235BAA1B0077008A /* DateExtension.swift */; };
		88085895235BAA4F0077008A /* ApiRouterTvs.swift in Sources */ = {isa = PBXBuildFile; fileRef = 88085894235BAA4F0077008A /* ApiRouterTvs.swift */; };
		88085897235BAA7F0077008A /* RappiExtension.swift in Sources */ = {isa = PBXBuildFile; fileRef = 88085896235BAA7F0077008A /* RappiExtension.swift */; };
		8808589A235BADF10077008A /* MoviesTvsShowCollectionViewController.swift in Sources */ = {isa = PBXBuildFile; fileRef = 88085899235BADF10077008A /* MoviesTvsShowCollectionViewController.swift */; };
		8808589F235BB2BC0077008A /* MoviesTvsCollectionViewCell.swift in Sources */ = {isa = PBXBuildFile; fileRef = 8808589D235BB2BC0077008A /* MoviesTvsCollectionViewCell.swift */; };
		880858A0235BB2BC0077008A /* MoviesTvsCollectionViewCell.xib in Resources */ = {isa = PBXBuildFile; fileRef = 8808589E235BB2BC0077008A /* MoviesTvsCollectionViewCell.xib */; };
		880858A2235BBB670077008A /* UICustomCollectionViewLayout.swift in Sources */ = {isa = PBXBuildFile; fileRef = 880858A1235BBB670077008A /* UICustomCollectionViewLayout.swift */; };
		880858A6235BC1540077008A /* MoviesTvsTableViewCell.swift in Sources */ = {isa = PBXBuildFile; fileRef = 880858A4235BC1540077008A /* MoviesTvsTableViewCell.swift */; };
		880858A7235BC1540077008A /* MoviesTvsTableViewCell.xib in Resources */ = {isa = PBXBuildFile; fileRef = 880858A5235BC1540077008A /* MoviesTvsTableViewCell.xib */; };
		880858A9235BD0D30077008A /* MoviesTvsShowTableViewController.swift in Sources */ = {isa = PBXBuildFile; fileRef = 880858A8235BD0D30077008A /* MoviesTvsShowTableViewController.swift */; };
		880858B1235BD7CA0077008A /* SettingsViewController.swift in Sources */ = {isa = PBXBuildFile; fileRef = 880858B0235BD7CA0077008A /* SettingsViewController.swift */; };
		880858B3235BDC010077008A /* SettingsViewModel.swift in Sources */ = {isa = PBXBuildFile; fileRef = 880858B2235BDC010077008A /* SettingsViewModel.swift */; };
		880858B5235BF8CB0077008A /* LoaderAction.swift in Sources */ = {isa = PBXBuildFile; fileRef = 880858B4235BF8CA0077008A /* LoaderAction.swift */; };
		88B2A1E0235D4ABB00C55E5A /* MovieDetailViewController.swift in Sources */ = {isa = PBXBuildFile; fileRef = 88B2A1DF235D4ABB00C55E5A /* MovieDetailViewController.swift */; };
/* End PBXBuildFile section */

/* Begin PBXContainerItemProxy section */
		8808584D235B906E0077008A /* PBXContainerItemProxy */ = {
			isa = PBXContainerItemProxy;
			containerPortal = 88085830235B906D0077008A /* Project object */;
			proxyType = 1;
			remoteGlobalIDString = 88085837235B906D0077008A;
			remoteInfo = ExamenRappi;
		};
		88085858235B906E0077008A /* PBXContainerItemProxy */ = {
			isa = PBXContainerItemProxy;
			containerPortal = 88085830235B906D0077008A /* Project object */;
			proxyType = 1;
			remoteGlobalIDString = 88085837235B906D0077008A;
			remoteInfo = ExamenRappi;
		};
/* End PBXContainerItemProxy section */

/* Begin PBXFileReference section */
		0DD30087235ED00300EA7DE1 /* Animation.swift */ = {isa = PBXFileReference; lastKnownFileType = sourcecode.swift; path = Animation.swift; sourceTree = "<group>"; };
		18C3D5B2CF5C6534B48E2AF3 /* Pods-ExamenRappiTests.debug.xcconfig */ = {isa = PBXFileReference; includeInIndex = 1; lastKnownFileType = text.xcconfig; name = "Pods-ExamenRappiTests.debug.xcconfig"; path = "Pods/Target Support Files/Pods-ExamenRappiTests/Pods-ExamenRappiTests.debug.xcconfig"; sourceTree = "<group>"; };
		38843903F9B7FE086DB56BA6 /* Pods-ExamenRappiUITests.debug.xcconfig */ = {isa = PBXFileReference; includeInIndex = 1; lastKnownFileType = text.xcconfig; name = "Pods-ExamenRappiUITests.debug.xcconfig"; path = "Pods/Target Support Files/Pods-ExamenRappiUITests/Pods-ExamenRappiUITests.debug.xcconfig"; sourceTree = "<group>"; };
		6D21EC75CBACCCE374F4E52A /* Pods_ExamenRappi.framework */ = {isa = PBXFileReference; explicitFileType = wrapper.framework; includeInIndex = 0; path = Pods_ExamenRappi.framework; sourceTree = BUILT_PRODUCTS_DIR; };
		7A87BAB824F86AB9D69815EA /* Pods_ExamenRappiTests.framework */ = {isa = PBXFileReference; explicitFileType = wrapper.framework; includeInIndex = 0; path = Pods_ExamenRappiTests.framework; sourceTree = BUILT_PRODUCTS_DIR; };
		88085838235B906D0077008A /* ExamenRappi.app */ = {isa = PBXFileReference; explicitFileType = wrapper.application; includeInIndex = 0; path = ExamenRappi.app; sourceTree = BUILT_PRODUCTS_DIR; };
		8808583B235B906D0077008A /* AppDelegate.swift */ = {isa = PBXFileReference; lastKnownFileType = sourcecode.swift; path = AppDelegate.swift; sourceTree = "<group>"; };
		88085840235B906D0077008A /* Base */ = {isa = PBXFileReference; lastKnownFileType = file.storyboard; name = Base; path = Base.lproj/Main.storyboard; sourceTree = "<group>"; };
		88085842235B906E0077008A /* Assets.xcassets */ = {isa = PBXFileReference; lastKnownFileType = folder.assetcatalog; path = Assets.xcassets; sourceTree = "<group>"; };
		88085845235B906E0077008A /* Base */ = {isa = PBXFileReference; lastKnownFileType = file.storyboard; name = Base; path = Base.lproj/LaunchScreen.storyboard; sourceTree = "<group>"; };
		88085847235B906E0077008A /* Info.plist */ = {isa = PBXFileReference; lastKnownFileType = text.plist.xml; path = Info.plist; sourceTree = "<group>"; };
		8808584C235B906E0077008A /* ExamenRappiTests.xctest */ = {isa = PBXFileReference; explicitFileType = wrapper.cfbundle; includeInIndex = 0; path = ExamenRappiTests.xctest; sourceTree = BUILT_PRODUCTS_DIR; };
		88085850235B906E0077008A /* ExamenRappiTests.swift */ = {isa = PBXFileReference; lastKnownFileType = sourcecode.swift; path = ExamenRappiTests.swift; sourceTree = "<group>"; };
		88085852235B906E0077008A /* Info.plist */ = {isa = PBXFileReference; lastKnownFileType = text.plist.xml; path = Info.plist; sourceTree = "<group>"; };
		88085857235B906E0077008A /* ExamenRappiUITests.xctest */ = {isa = PBXFileReference; explicitFileType = wrapper.cfbundle; includeInIndex = 0; path = ExamenRappiUITests.xctest; sourceTree = BUILT_PRODUCTS_DIR; };
		8808585B235B906E0077008A /* ExamenRappiUITests.swift */ = {isa = PBXFileReference; lastKnownFileType = sourcecode.swift; path = ExamenRappiUITests.swift; sourceTree = "<group>"; };
		8808585D235B906E0077008A /* Info.plist */ = {isa = PBXFileReference; lastKnownFileType = text.plist.xml; path = Info.plist; sourceTree = "<group>"; };
		8808586A235B99910077008A /* splash.gif */ = {isa = PBXFileReference; lastKnownFileType = image.gif; path = splash.gif; sourceTree = "<group>"; };
		8808586F235B99DB0077008A /* SplashViewController.swift */ = {isa = PBXFileReference; lastKnownFileType = sourcecode.swift; path = SplashViewController.swift; sourceTree = "<group>"; };
		88085873235BA40C0077008A /* APIUtils.swift */ = {isa = PBXFileReference; lastKnownFileType = sourcecode.swift; path = APIUtils.swift; sourceTree = "<group>"; };
		88085876235BA4610077008A /* Constants.swift */ = {isa = PBXFileReference; lastKnownFileType = sourcecode.swift; path = Constants.swift; sourceTree = "<group>"; };
		88085878235BA6830077008A /* ApiRouterMovies.swift */ = {isa = PBXFileReference; lastKnownFileType = sourcecode.swift; path = ApiRouterMovies.swift; sourceTree = "<group>"; };
		8808587B235BA6B20077008A /* Movies.swift */ = {isa = PBXFileReference; lastKnownFileType = sourcecode.swift; path = Movies.swift; sourceTree = "<group>"; };
		8808587D235BA6E70077008A /* Results.swift */ = {isa = PBXFileReference; lastKnownFileType = sourcecode.swift; path = Results.swift; sourceTree = "<group>"; };
		8808587F235BA7020077008A /* Videos.swift */ = {isa = PBXFileReference; lastKnownFileType = sourcecode.swift; path = Videos.swift; sourceTree = "<group>"; };
		88085881235BA7170077008A /* Errors.swift */ = {isa = PBXFileReference; lastKnownFileType = sourcecode.swift; path = Errors.swift; sourceTree = "<group>"; };
		88085883235BA7360077008A /* ResultsTv.swift */ = {isa = PBXFileReference; lastKnownFileType = sourcecode.swift; path = ResultsTv.swift; sourceTree = "<group>"; };
		88085885235BA7520077008A /* Tvs.swift */ = {isa = PBXFileReference; lastKnownFileType = sourcecode.swift; path = Tvs.swift; sourceTree = "<group>"; };
		88085887235BA7900077008A /* ServiceManager.swift */ = {isa = PBXFileReference; lastKnownFileType = sourcecode.swift; path = ServiceManager.swift; sourceTree = "<group>"; };
		8808588A235BA7E40077008A /* DataSourceManager.swift */ = {isa = PBXFileReference; lastKnownFileType = sourcecode.swift; path = DataSourceManager.swift; sourceTree = "<group>"; };
		8808588C235BA80D0077008A /* RealmCacheManager.swift */ = {isa = PBXFileReference; lastKnownFileType = sourcecode.swift; path = RealmCacheManager.swift; sourceTree = "<group>"; };
		8808588E235BA8270077008A /* RealmHelper.swift */ = {isa = PBXFileReference; lastKnownFileType = sourcecode.swift; path = RealmHelper.swift; sourceTree = "<group>"; };
		88085890235BA84B0077008A /* RealmCacheEntryModel.swift */ = {isa = PBXFileReference; lastKnownFileType = sourcecode.swift; path = RealmCacheEntryModel.swift; sourceTree = "<group>"; };
		88085892235BAA1B0077008A /* DateExtension.swift */ = {isa = PBXFileReference; lastKnownFileType = sourcecode.swift; path = DateExtension.swift; sourceTree = "<group>"; };
		88085894235BAA4F0077008A /* ApiRouterTvs.swift */ = {isa = PBXFileReference; lastKnownFileType = sourcecode.swift; path = ApiRouterTvs.swift; sourceTree = "<group>"; };
		88085896235BAA7F0077008A /* RappiExtension.swift */ = {isa = PBXFileReference; lastKnownFileType = sourcecode.swift; path = RappiExtension.swift; sourceTree = "<group>"; };
		88085899235BADF10077008A /* MoviesTvsShowCollectionViewController.swift */ = {isa = PBXFileReference; lastKnownFileType = sourcecode.swift; path = MoviesTvsShowCollectionViewController.swift; sourceTree = "<group>"; };
		8808589D235BB2BC0077008A /* MoviesTvsCollectionViewCell.swift */ = {isa = PBXFileReference; lastKnownFileType = sourcecode.swift; path = MoviesTvsCollectionViewCell.swift; sourceTree = "<group>"; };
		8808589E235BB2BC0077008A /* MoviesTvsCollectionViewCell.xib */ = {isa = PBXFileReference; lastKnownFileType = file.xib; path = MoviesTvsCollectionViewCell.xib; sourceTree = "<group>"; };
		880858A1235BBB670077008A /* UICustomCollectionViewLayout.swift */ = {isa = PBXFileReference; lastKnownFileType = sourcecode.swift; path = UICustomCollectionViewLayout.swift; sourceTree = "<group>"; };
		880858A4235BC1540077008A /* MoviesTvsTableViewCell.swift */ = {isa = PBXFileReference; lastKnownFileType = sourcecode.swift; path = MoviesTvsTableViewCell.swift; sourceTree = "<group>"; };
		880858A5235BC1540077008A /* MoviesTvsTableViewCell.xib */ = {isa = PBXFileReference; lastKnownFileType = file.xib; path = MoviesTvsTableViewCell.xib; sourceTree = "<group>"; };
		880858A8235BD0D30077008A /* MoviesTvsShowTableViewController.swift */ = {isa = PBXFileReference; indentWidth = 5; lastKnownFileType = sourcecode.swift; path = MoviesTvsShowTableViewController.swift; sourceTree = "<group>"; };
		880858B0235BD7CA0077008A /* SettingsViewController.swift */ = {isa = PBXFileReference; lastKnownFileType = sourcecode.swift; path = SettingsViewController.swift; sourceTree = "<group>"; };
		880858B2235BDC010077008A /* SettingsViewModel.swift */ = {isa = PBXFileReference; lastKnownFileType = sourcecode.swift; path = SettingsViewModel.swift; sourceTree = "<group>"; };
		880858B4235BF8CA0077008A /* LoaderAction.swift */ = {isa = PBXFileReference; lastKnownFileType = sourcecode.swift; path = LoaderAction.swift; sourceTree = "<group>"; };
		88B2A1DF235D4ABB00C55E5A /* MovieDetailViewController.swift */ = {isa = PBXFileReference; lastKnownFileType = sourcecode.swift; path = MovieDetailViewController.swift; sourceTree = "<group>"; };
		989BD8AF876884254A4A4595 /* Pods-ExamenRappi.debug.xcconfig */ = {isa = PBXFileReference; includeInIndex = 1; lastKnownFileType = text.xcconfig; name = "Pods-ExamenRappi.debug.xcconfig"; path = "Pods/Target Support Files/Pods-ExamenRappi/Pods-ExamenRappi.debug.xcconfig"; sourceTree = "<group>"; };
		A31AA2246109C26E8A6EBA51 /* Pods-ExamenRappiUITests.release.xcconfig */ = {isa = PBXFileReference; includeInIndex = 1; lastKnownFileType = text.xcconfig; name = "Pods-ExamenRappiUITests.release.xcconfig"; path = "Pods/Target Support Files/Pods-ExamenRappiUITests/Pods-ExamenRappiUITests.release.xcconfig"; sourceTree = "<group>"; };
		BA6540D1DD6F74812EC34C47 /* Pods-ExamenRappiTests.release.xcconfig */ = {isa = PBXFileReference; includeInIndex = 1; lastKnownFileType = text.xcconfig; name = "Pods-ExamenRappiTests.release.xcconfig"; path = "Pods/Target Support Files/Pods-ExamenRappiTests/Pods-ExamenRappiTests.release.xcconfig"; sourceTree = "<group>"; };
		BECD9F1E6EBA8DE2C957C4BE /* Pods-ExamenRappi.release.xcconfig */ = {isa = PBXFileReference; includeInIndex = 1; lastKnownFileType = text.xcconfig; name = "Pods-ExamenRappi.release.xcconfig"; path = "Pods/Target Support Files/Pods-ExamenRappi/Pods-ExamenRappi.release.xcconfig"; sourceTree = "<group>"; };
		FBD7098420A8A93C7FDBF6B7 /* Pods_ExamenRappiUITests.framework */ = {isa = PBXFileReference; explicitFileType = wrapper.framework; includeInIndex = 0; path = Pods_ExamenRappiUITests.framework; sourceTree = BUILT_PRODUCTS_DIR; };
/* End PBXFileReference section */

/* Begin PBXFrameworksBuildPhase section */
		88085835235B906D0077008A /* Frameworks */ = {
			isa = PBXFrameworksBuildPhase;
			buildActionMask = 2147483647;
			files = (
				5CCF2A39F9B7386B6E7547B2 /* Pods_ExamenRappi.framework in Frameworks */,
			);
			runOnlyForDeploymentPostprocessing = 0;
		};
		88085849235B906E0077008A /* Frameworks */ = {
			isa = PBXFrameworksBuildPhase;
			buildActionMask = 2147483647;
			files = (
				7661D07EAA62AD52BF13D1A2 /* Pods_ExamenRappiTests.framework in Frameworks */,
			);
			runOnlyForDeploymentPostprocessing = 0;
		};
		88085854235B906E0077008A /* Frameworks */ = {
			isa = PBXFrameworksBuildPhase;
			buildActionMask = 2147483647;
			files = (
				20D631F80C4A816E2DD20903 /* Pods_ExamenRappiUITests.framework in Frameworks */,
			);
			runOnlyForDeploymentPostprocessing = 0;
		};
/* End PBXFrameworksBuildPhase section */

/* Begin PBXGroup section */
		419B9335F1F257B755A3A9CF /* Pods */ = {
			isa = PBXGroup;
			children = (
				989BD8AF876884254A4A4595 /* Pods-ExamenRappi.debug.xcconfig */,
				BECD9F1E6EBA8DE2C957C4BE /* Pods-ExamenRappi.release.xcconfig */,
				18C3D5B2CF5C6534B48E2AF3 /* Pods-ExamenRappiTests.debug.xcconfig */,
				BA6540D1DD6F74812EC34C47 /* Pods-ExamenRappiTests.release.xcconfig */,
				38843903F9B7FE086DB56BA6 /* Pods-ExamenRappiUITests.debug.xcconfig */,
				A31AA2246109C26E8A6EBA51 /* Pods-ExamenRappiUITests.release.xcconfig */,
			);
			name = Pods;
			sourceTree = "<group>";
		};
		8808582F235B906D0077008A = {
			isa = PBXGroup;
			children = (
				8808583A235B906D0077008A /* ExamenRappi */,
				8808584F235B906E0077008A /* ExamenRappiTests */,
				8808585A235B906E0077008A /* ExamenRappiUITests */,
				88085839235B906D0077008A /* Products */,
				419B9335F1F257B755A3A9CF /* Pods */,
				D21820192842B0178F802EE7 /* Frameworks */,
			);
			sourceTree = "<group>";
		};
		88085839235B906D0077008A /* Products */ = {
			isa = PBXGroup;
			children = (
				88085838235B906D0077008A /* ExamenRappi.app */,
				8808584C235B906E0077008A /* ExamenRappiTests.xctest */,
				88085857235B906E0077008A /* ExamenRappiUITests.xctest */,
			);
			name = Products;
			sourceTree = "<group>";
		};
		8808583A235B906D0077008A /* ExamenRappi */ = {
			isa = PBXGroup;
			children = (
				8808589B235BB2790077008A /* Views */,
				88085889235BA7D60077008A /* DataSourceManager */,
				8808587A235BA69F0077008A /* Models */,
				88085875235BA44C0077008A /* Utils */,
				88085872235BA3BB0077008A /* WebService */,
				88085871235B9A0C0077008A /* StoryBoards */,
				8808586D235B99A70077008A /* ViewControllers */,
				88085869235B997A0077008A /* Resources */,
				8808583B235B906D0077008A /* AppDelegate.swift */,
				88085842235B906E0077008A /* Assets.xcassets */,
				88085847235B906E0077008A /* Info.plist */,
			);
			path = ExamenRappi;
			sourceTree = "<group>";
		};
		8808584F235B906E0077008A /* ExamenRappiTests */ = {
			isa = PBXGroup;
			children = (
				88085850235B906E0077008A /* ExamenRappiTests.swift */,
				88085852235B906E0077008A /* Info.plist */,
			);
			path = ExamenRappiTests;
			sourceTree = "<group>";
		};
		8808585A235B906E0077008A /* ExamenRappiUITests */ = {
			isa = PBXGroup;
			children = (
				8808585B235B906E0077008A /* ExamenRappiUITests.swift */,
				8808585D235B906E0077008A /* Info.plist */,
			);
			path = ExamenRappiUITests;
			sourceTree = "<group>";
		};
		88085869235B997A0077008A /* Resources */ = {
			isa = PBXGroup;
			children = (
				8808586A235B99910077008A /* splash.gif */,
			);
			path = Resources;
			sourceTree = "<group>";
		};
		8808586D235B99A70077008A /* ViewControllers */ = {
			isa = PBXGroup;
			children = (
				88B2A1DE235D4AA000C55E5A /* MovieDetail */,
				880858AF235BD7BB0077008A /* Settings */,
				88085898235BAD760077008A /* Catalogue */,
			);
			path = ViewControllers;
			sourceTree = "<group>";
		};
		8808586E235B99B90077008A /* Splash */ = {
			isa = PBXGroup;
			children = (
				8808586F235B99DB0077008A /* SplashViewController.swift */,
			);
			path = Splash;
			sourceTree = "<group>";
		};
		88085871235B9A0C0077008A /* StoryBoards */ = {
			isa = PBXGroup;
			children = (
				88085844235B906E0077008A /* LaunchScreen.storyboard */,
				8808583F235B906D0077008A /* Main.storyboard */,
			);
			path = StoryBoards;
			sourceTree = "<group>";
		};
		88085872235BA3BB0077008A /* WebService */ = {
			isa = PBXGroup;
			children = (
				88085873235BA40C0077008A /* APIUtils.swift */,
				88085878235BA6830077008A /* ApiRouterMovies.swift */,
				88085894235BAA4F0077008A /* ApiRouterTvs.swift */,
				88085887235BA7900077008A /* ServiceManager.swift */,
			);
			path = WebService;
			sourceTree = "<group>";
		};
		88085875235BA44C0077008A /* Utils */ = {
			isa = PBXGroup;
			children = (
				88085876235BA4610077008A /* Constants.swift */,
				8808588C235BA80D0077008A /* RealmCacheManager.swift */,
				8808588E235BA8270077008A /* RealmHelper.swift */,
				88085890235BA84B0077008A /* RealmCacheEntryModel.swift */,
				88085892235BAA1B0077008A /* DateExtension.swift */,
				88085896235BAA7F0077008A /* RappiExtension.swift */,
				880858A1235BBB670077008A /* UICustomCollectionViewLayout.swift */,
				880858B4235BF8CA0077008A /* LoaderAction.swift */,
				0DD30087235ED00300EA7DE1 /* Animation.swift */,
			);
			path = Utils;
			sourceTree = "<group>";
		};
		8808587A235BA69F0077008A /* Models */ = {
			isa = PBXGroup;
			children = (
				8808587B235BA6B20077008A /* Movies.swift */,
				8808587D235BA6E70077008A /* Results.swift */,
				8808587F235BA7020077008A /* Videos.swift */,
				88085881235BA7170077008A /* Errors.swift */,
				88085883235BA7360077008A /* ResultsTv.swift */,
				88085885235BA7520077008A /* Tvs.swift */,
				880858B2235BDC010077008A /* SettingsViewModel.swift */,
			);
			path = Models;
			sourceTree = "<group>";
		};
		88085889235BA7D60077008A /* DataSourceManager */ = {
			isa = PBXGroup;
			children = (
				8808588A235BA7E40077008A /* DataSourceManager.swift */,
			);
			path = DataSourceManager;
			sourceTree = "<group>";
		};
		88085898235BAD760077008A /* Catalogue */ = {
			isa = PBXGroup;
			children = (
				88085899235BADF10077008A /* MoviesTvsShowCollectionViewController.swift */,
				880858A8235BD0D30077008A /* MoviesTvsShowTableViewController.swift */,
				8808586E235B99B90077008A /* Splash */,
			);
			path = Catalogue;
			sourceTree = "<group>";
		};
		8808589B235BB2790077008A /* Views */ = {
			isa = PBXGroup;
			children = (
				880858A3235BC12F0077008A /* TableViewCell */,
				8808589C235BB2800077008A /* CollectionViewCell */,
			);
			path = Views;
			sourceTree = "<group>";
		};
		8808589C235BB2800077008A /* CollectionViewCell */ = {
			isa = PBXGroup;
			children = (
				8808589D235BB2BC0077008A /* MoviesTvsCollectionViewCell.swift */,
				8808589E235BB2BC0077008A /* MoviesTvsCollectionViewCell.xib */,
			);
			path = CollectionViewCell;
			sourceTree = "<group>";
		};
		880858A3235BC12F0077008A /* TableViewCell */ = {
			isa = PBXGroup;
			children = (
				880858A4235BC1540077008A /* MoviesTvsTableViewCell.swift */,
				880858A5235BC1540077008A /* MoviesTvsTableViewCell.xib */,
			);
			path = TableViewCell;
			sourceTree = "<group>";
		};
		880858AF235BD7BB0077008A /* Settings */ = {
			isa = PBXGroup;
			children = (
				880858B0235BD7CA0077008A /* SettingsViewController.swift */,
			);
			path = Settings;
			sourceTree = "<group>";
		};
		88B2A1DE235D4AA000C55E5A /* MovieDetail */ = {
			isa = PBXGroup;
			children = (
				88B2A1DF235D4ABB00C55E5A /* MovieDetailViewController.swift */,
			);
			path = MovieDetail;
			sourceTree = "<group>";
		};
		D21820192842B0178F802EE7 /* Frameworks */ = {
			isa = PBXGroup;
			children = (
				6D21EC75CBACCCE374F4E52A /* Pods_ExamenRappi.framework */,
				7A87BAB824F86AB9D69815EA /* Pods_ExamenRappiTests.framework */,
				FBD7098420A8A93C7FDBF6B7 /* Pods_ExamenRappiUITests.framework */,
			);
			name = Frameworks;
			sourceTree = "<group>";
		};
/* End PBXGroup section */

/* Begin PBXNativeTarget section */
		88085837235B906D0077008A /* ExamenRappi */ = {
			isa = PBXNativeTarget;
			buildConfigurationList = 88085860235B906E0077008A /* Build configuration list for PBXNativeTarget "ExamenRappi" */;
			buildPhases = (
				6D26DA65BDC8884EF045F983 /* [CP] Check Pods Manifest.lock */,
				88085834235B906D0077008A /* Sources */,
				88085835235B906D0077008A /* Frameworks */,
				88085836235B906D0077008A /* Resources */,
				E7DE6E2E724322B6DD330523 /* [CP] Embed Pods Frameworks */,
			);
			buildRules = (
			);
			dependencies = (
			);
			name = ExamenRappi;
			productName = ExamenRappi;
			productReference = 88085838235B906D0077008A /* ExamenRappi.app */;
			productType = "com.apple.product-type.application";
		};
		8808584B235B906E0077008A /* ExamenRappiTests */ = {
			isa = PBXNativeTarget;
			buildConfigurationList = 88085863235B906E0077008A /* Build configuration list for PBXNativeTarget "ExamenRappiTests" */;
			buildPhases = (
				8EC92D3990C2241B5AC10978 /* [CP] Check Pods Manifest.lock */,
				88085848235B906E0077008A /* Sources */,
				88085849235B906E0077008A /* Frameworks */,
				8808584A235B906E0077008A /* Resources */,
				18889C53AC0900BE647A740E /* [CP] Embed Pods Frameworks */,
			);
			buildRules = (
			);
			dependencies = (
				8808584E235B906E0077008A /* PBXTargetDependency */,
			);
			name = ExamenRappiTests;
			productName = ExamenRappiTests;
			productReference = 8808584C235B906E0077008A /* ExamenRappiTests.xctest */;
			productType = "com.apple.product-type.bundle.unit-test";
		};
		88085856235B906E0077008A /* ExamenRappiUITests */ = {
			isa = PBXNativeTarget;
			buildConfigurationList = 88085866235B906E0077008A /* Build configuration list for PBXNativeTarget "ExamenRappiUITests" */;
			buildPhases = (
				FEE74DCC619026B41737159A /* [CP] Check Pods Manifest.lock */,
				88085853235B906E0077008A /* Sources */,
				88085854235B906E0077008A /* Frameworks */,
				88085855235B906E0077008A /* Resources */,
				8E49C9D2279203B6DD0566D9 /* [CP] Embed Pods Frameworks */,
			);
			buildRules = (
			);
			dependencies = (
				88085859235B906E0077008A /* PBXTargetDependency */,
			);
			name = ExamenRappiUITests;
			productName = ExamenRappiUITests;
			productReference = 88085857235B906E0077008A /* ExamenRappiUITests.xctest */;
			productType = "com.apple.product-type.bundle.ui-testing";
		};
/* End PBXNativeTarget section */

/* Begin PBXProject section */
		88085830235B906D0077008A /* Project object */ = {
			isa = PBXProject;
			attributes = {
				LastSwiftUpdateCheck = 1010;
				LastUpgradeCheck = 1010;
				ORGANIZATIONNAME = Arcos;
				TargetAttributes = {
					88085837235B906D0077008A = {
						CreatedOnToolsVersion = 10.1;
					};
					8808584B235B906E0077008A = {
						CreatedOnToolsVersion = 10.1;
						TestTargetID = 88085837235B906D0077008A;
					};
					88085856235B906E0077008A = {
						CreatedOnToolsVersion = 10.1;
						TestTargetID = 88085837235B906D0077008A;
					};
				};
			};
			buildConfigurationList = 88085833235B906D0077008A /* Build configuration list for PBXProject "ExamenRappi" */;
			compatibilityVersion = "Xcode 9.3";
			developmentRegion = en;
			hasScannedForEncodings = 0;
			knownRegions = (
				en,
				Base,
			);
			mainGroup = 8808582F235B906D0077008A;
			productRefGroup = 88085839235B906D0077008A /* Products */;
			projectDirPath = "";
			projectRoot = "";
			targets = (
				88085837235B906D0077008A /* ExamenRappi */,
				8808584B235B906E0077008A /* ExamenRappiTests */,
				88085856235B906E0077008A /* ExamenRappiUITests */,
			);
		};
/* End PBXProject section */

/* Begin PBXResourcesBuildPhase section */
		88085836235B906D0077008A /* Resources */ = {
			isa = PBXResourcesBuildPhase;
			buildActionMask = 2147483647;
			files = (
				88085846235B906E0077008A /* LaunchScreen.storyboard in Resources */,
				8808586B235B99910077008A /* splash.gif in Resources */,
				880858A7235BC1540077008A /* MoviesTvsTableViewCell.xib in Resources */,
				88085843235B906E0077008A /* Assets.xcassets in Resources */,
				88085841235B906D0077008A /* Main.storyboard in Resources */,
				880858A0235BB2BC0077008A /* MoviesTvsCollectionViewCell.xib in Resources */,
			);
			runOnlyForDeploymentPostprocessing = 0;
		};
		8808584A235B906E0077008A /* Resources */ = {
			isa = PBXResourcesBuildPhase;
			buildActionMask = 2147483647;
			files = (
			);
			runOnlyForDeploymentPostprocessing = 0;
		};
		88085855235B906E0077008A /* Resources */ = {
			isa = PBXResourcesBuildPhase;
			buildActionMask = 2147483647;
			files = (
			);
			runOnlyForDeploymentPostprocessing = 0;
		};
/* End PBXResourcesBuildPhase section */

/* Begin PBXShellScriptBuildPhase section */
		18889C53AC0900BE647A740E /* [CP] Embed Pods Frameworks */ = {
			isa = PBXShellScriptBuildPhase;
			buildActionMask = 2147483647;
			files = (
			);
			inputFileListPaths = (
			);
			inputPaths = (
				"${SRCROOT}/Pods/Target Support Files/Pods-ExamenRappiTests/Pods-ExamenRappiTests-frameworks.sh",
				"${BUILT_PRODUCTS_DIR}/Alamofire/Alamofire.framework",
				"${BUILT_PRODUCTS_DIR}/AlamofireImage/AlamofireImage.framework",
				"${BUILT_PRODUCTS_DIR}/IQKeyboardManagerSwift/IQKeyboardManagerSwift.framework",
				"${BUILT_PRODUCTS_DIR}/NVActivityIndicatorView/NVActivityIndicatorView.framework",
				"${BUILT_PRODUCTS_DIR}/ObjectMapper/ObjectMapper.framework",
				"${BUILT_PRODUCTS_DIR}/ObjectMapper+Realm/ObjectMapper_Realm.framework",
				"${BUILT_PRODUCTS_DIR}/Realm/Realm.framework",
				"${BUILT_PRODUCTS_DIR}/RealmSwift/RealmSwift.framework",
				"${BUILT_PRODUCTS_DIR}/RxCocoa/RxCocoa.framework",
				"${BUILT_PRODUCTS_DIR}/RxGesture/RxGesture.framework",
				"${BUILT_PRODUCTS_DIR}/RxSwift/RxSwift.framework",
				"${BUILT_PRODUCTS_DIR}/SwiftMessages/SwiftMessages.framework",
				"${BUILT_PRODUCTS_DIR}/SwiftyGif/SwiftyGif.framework",
				"${BUILT_PRODUCTS_DIR}/YoutubePlayer-in-WKWebView/YoutubePlayer_in_WKWebView.framework",
				"${BUILT_PRODUCTS_DIR}/lottie-ios/Lottie.framework",
			);
			name = "[CP] Embed Pods Frameworks";
			outputFileListPaths = (
			);
			outputPaths = (
				"${TARGET_BUILD_DIR}/${FRAMEWORKS_FOLDER_PATH}/Alamofire.framework",
				"${TARGET_BUILD_DIR}/${FRAMEWORKS_FOLDER_PATH}/AlamofireImage.framework",
				"${TARGET_BUILD_DIR}/${FRAMEWORKS_FOLDER_PATH}/IQKeyboardManagerSwift.framework",
				"${TARGET_BUILD_DIR}/${FRAMEWORKS_FOLDER_PATH}/NVActivityIndicatorView.framework",
				"${TARGET_BUILD_DIR}/${FRAMEWORKS_FOLDER_PATH}/ObjectMapper.framework",
				"${TARGET_BUILD_DIR}/${FRAMEWORKS_FOLDER_PATH}/ObjectMapper_Realm.framework",
				"${TARGET_BUILD_DIR}/${FRAMEWORKS_FOLDER_PATH}/Realm.framework",
				"${TARGET_BUILD_DIR}/${FRAMEWORKS_FOLDER_PATH}/RealmSwift.framework",
				"${TARGET_BUILD_DIR}/${FRAMEWORKS_FOLDER_PATH}/RxCocoa.framework",
				"${TARGET_BUILD_DIR}/${FRAMEWORKS_FOLDER_PATH}/RxGesture.framework",
				"${TARGET_BUILD_DIR}/${FRAMEWORKS_FOLDER_PATH}/RxSwift.framework",
				"${TARGET_BUILD_DIR}/${FRAMEWORKS_FOLDER_PATH}/SwiftMessages.framework",
				"${TARGET_BUILD_DIR}/${FRAMEWORKS_FOLDER_PATH}/SwiftyGif.framework",
				"${TARGET_BUILD_DIR}/${FRAMEWORKS_FOLDER_PATH}/YoutubePlayer_in_WKWebView.framework",
				"${TARGET_BUILD_DIR}/${FRAMEWORKS_FOLDER_PATH}/Lottie.framework",
			);
			runOnlyForDeploymentPostprocessing = 0;
			shellPath = /bin/sh;
			shellScript = "\"${SRCROOT}/Pods/Target Support Files/Pods-ExamenRappiTests/Pods-ExamenRappiTests-frameworks.sh\"\n";
			showEnvVarsInLog = 0;
		};
		6D26DA65BDC8884EF045F983 /* [CP] Check Pods Manifest.lock */ = {
			isa = PBXShellScriptBuildPhase;
			buildActionMask = 2147483647;
			files = (
			);
			inputFileListPaths = (
			);
			inputPaths = (
				"${PODS_PODFILE_DIR_PATH}/Podfile.lock",
				"${PODS_ROOT}/Manifest.lock",
			);
			name = "[CP] Check Pods Manifest.lock";
			outputFileListPaths = (
			);
			outputPaths = (
				"$(DERIVED_FILE_DIR)/Pods-ExamenRappi-checkManifestLockResult.txt",
			);
			runOnlyForDeploymentPostprocessing = 0;
			shellPath = /bin/sh;
			shellScript = "diff \"${PODS_PODFILE_DIR_PATH}/Podfile.lock\" \"${PODS_ROOT}/Manifest.lock\" > /dev/null\nif [ $? != 0 ] ; then\n    # print error to STDERR\n    echo \"error: The sandbox is not in sync with the Podfile.lock. Run 'pod install' or update your CocoaPods installation.\" >&2\n    exit 1\nfi\n# This output is used by Xcode 'outputs' to avoid re-running this script phase.\necho \"SUCCESS\" > \"${SCRIPT_OUTPUT_FILE_0}\"\n";
			showEnvVarsInLog = 0;
		};
		8E49C9D2279203B6DD0566D9 /* [CP] Embed Pods Frameworks */ = {
			isa = PBXShellScriptBuildPhase;
			buildActionMask = 2147483647;
			files = (
			);
			inputFileListPaths = (
			);
			inputPaths = (
				"${SRCROOT}/Pods/Target Support Files/Pods-ExamenRappiUITests/Pods-ExamenRappiUITests-frameworks.sh",
				"${BUILT_PRODUCTS_DIR}/Alamofire/Alamofire.framework",
				"${BUILT_PRODUCTS_DIR}/AlamofireImage/AlamofireImage.framework",
				"${BUILT_PRODUCTS_DIR}/IQKeyboardManagerSwift/IQKeyboardManagerSwift.framework",
				"${BUILT_PRODUCTS_DIR}/NVActivityIndicatorView/NVActivityIndicatorView.framework",
				"${BUILT_PRODUCTS_DIR}/ObjectMapper/ObjectMapper.framework",
				"${BUILT_PRODUCTS_DIR}/ObjectMapper+Realm/ObjectMapper_Realm.framework",
				"${BUILT_PRODUCTS_DIR}/Realm/Realm.framework",
				"${BUILT_PRODUCTS_DIR}/RealmSwift/RealmSwift.framework",
				"${BUILT_PRODUCTS_DIR}/RxCocoa/RxCocoa.framework",
				"${BUILT_PRODUCTS_DIR}/RxGesture/RxGesture.framework",
				"${BUILT_PRODUCTS_DIR}/RxSwift/RxSwift.framework",
				"${BUILT_PRODUCTS_DIR}/SwiftMessages/SwiftMessages.framework",
				"${BUILT_PRODUCTS_DIR}/SwiftyGif/SwiftyGif.framework",
				"${BUILT_PRODUCTS_DIR}/YoutubePlayer-in-WKWebView/YoutubePlayer_in_WKWebView.framework",
				"${BUILT_PRODUCTS_DIR}/lottie-ios/Lottie.framework",
			);
			name = "[CP] Embed Pods Frameworks";
			outputFileListPaths = (
			);
			outputPaths = (
				"${TARGET_BUILD_DIR}/${FRAMEWORKS_FOLDER_PATH}/Alamofire.framework",
				"${TARGET_BUILD_DIR}/${FRAMEWORKS_FOLDER_PATH}/AlamofireImage.framework",
				"${TARGET_BUILD_DIR}/${FRAMEWORKS_FOLDER_PATH}/IQKeyboardManagerSwift.framework",
				"${TARGET_BUILD_DIR}/${FRAMEWORKS_FOLDER_PATH}/NVActivityIndicatorView.framework",
				"${TARGET_BUILD_DIR}/${FRAMEWORKS_FOLDER_PATH}/ObjectMapper.framework",
				"${TARGET_BUILD_DIR}/${FRAMEWORKS_FOLDER_PATH}/ObjectMapper_Realm.framework",
				"${TARGET_BUILD_DIR}/${FRAMEWORKS_FOLDER_PATH}/Realm.framework",
				"${TARGET_BUILD_DIR}/${FRAMEWORKS_FOLDER_PATH}/RealmSwift.framework",
				"${TARGET_BUILD_DIR}/${FRAMEWORKS_FOLDER_PATH}/RxCocoa.framework",
				"${TARGET_BUILD_DIR}/${FRAMEWORKS_FOLDER_PATH}/RxGesture.framework",
				"${TARGET_BUILD_DIR}/${FRAMEWORKS_FOLDER_PATH}/RxSwift.framework",
				"${TARGET_BUILD_DIR}/${FRAMEWORKS_FOLDER_PATH}/SwiftMessages.framework",
				"${TARGET_BUILD_DIR}/${FRAMEWORKS_FOLDER_PATH}/SwiftyGif.framework",
				"${TARGET_BUILD_DIR}/${FRAMEWORKS_FOLDER_PATH}/YoutubePlayer_in_WKWebView.framework",
				"${TARGET_BUILD_DIR}/${FRAMEWORKS_FOLDER_PATH}/Lottie.framework",
			);
			runOnlyForDeploymentPostprocessing = 0;
			shellPath = /bin/sh;
			shellScript = "\"${SRCROOT}/Pods/Target Support Files/Pods-ExamenRappiUITests/Pods-ExamenRappiUITests-frameworks.sh\"\n";
			showEnvVarsInLog = 0;
		};
		8EC92D3990C2241B5AC10978 /* [CP] Check Pods Manifest.lock */ = {
			isa = PBXShellScriptBuildPhase;
			buildActionMask = 2147483647;
			files = (
			);
			inputFileListPaths = (
			);
			inputPaths = (
				"${PODS_PODFILE_DIR_PATH}/Podfile.lock",
				"${PODS_ROOT}/Manifest.lock",
			);
			name = "[CP] Check Pods Manifest.lock";
			outputFileListPaths = (
			);
			outputPaths = (
				"$(DERIVED_FILE_DIR)/Pods-ExamenRappiTests-checkManifestLockResult.txt",
			);
			runOnlyForDeploymentPostprocessing = 0;
			shellPath = /bin/sh;
			shellScript = "diff \"${PODS_PODFILE_DIR_PATH}/Podfile.lock\" \"${PODS_ROOT}/Manifest.lock\" > /dev/null\nif [ $? != 0 ] ; then\n    # print error to STDERR\n    echo \"error: The sandbox is not in sync with the Podfile.lock. Run 'pod install' or update your CocoaPods installation.\" >&2\n    exit 1\nfi\n# This output is used by Xcode 'outputs' to avoid re-running this script phase.\necho \"SUCCESS\" > \"${SCRIPT_OUTPUT_FILE_0}\"\n";
			showEnvVarsInLog = 0;
		};
		E7DE6E2E724322B6DD330523 /* [CP] Embed Pods Frameworks */ = {
			isa = PBXShellScriptBuildPhase;
			buildActionMask = 2147483647;
			files = (
			);
			inputFileListPaths = (
			);
			inputPaths = (
				"${SRCROOT}/Pods/Target Support Files/Pods-ExamenRappi/Pods-ExamenRappi-frameworks.sh",
				"${BUILT_PRODUCTS_DIR}/Alamofire/Alamofire.framework",
				"${BUILT_PRODUCTS_DIR}/AlamofireImage/AlamofireImage.framework",
				"${BUILT_PRODUCTS_DIR}/IQKeyboardManagerSwift/IQKeyboardManagerSwift.framework",
				"${BUILT_PRODUCTS_DIR}/NVActivityIndicatorView/NVActivityIndicatorView.framework",
				"${BUILT_PRODUCTS_DIR}/ObjectMapper/ObjectMapper.framework",
				"${BUILT_PRODUCTS_DIR}/ObjectMapper+Realm/ObjectMapper_Realm.framework",
				"${BUILT_PRODUCTS_DIR}/Realm/Realm.framework",
				"${BUILT_PRODUCTS_DIR}/RealmSwift/RealmSwift.framework",
				"${BUILT_PRODUCTS_DIR}/RxCocoa/RxCocoa.framework",
				"${BUILT_PRODUCTS_DIR}/RxGesture/RxGesture.framework",
				"${BUILT_PRODUCTS_DIR}/RxSwift/RxSwift.framework",
				"${BUILT_PRODUCTS_DIR}/SwiftMessages/SwiftMessages.framework",
				"${BUILT_PRODUCTS_DIR}/SwiftyGif/SwiftyGif.framework",
				"${BUILT_PRODUCTS_DIR}/YoutubePlayer-in-WKWebView/YoutubePlayer_in_WKWebView.framework",
				"${BUILT_PRODUCTS_DIR}/lottie-ios/Lottie.framework",
			);
			name = "[CP] Embed Pods Frameworks";
			outputFileListPaths = (
			);
			outputPaths = (
				"${TARGET_BUILD_DIR}/${FRAMEWORKS_FOLDER_PATH}/Alamofire.framework",
				"${TARGET_BUILD_DIR}/${FRAMEWORKS_FOLDER_PATH}/AlamofireImage.framework",
				"${TARGET_BUILD_DIR}/${FRAMEWORKS_FOLDER_PATH}/IQKeyboardManagerSwift.framework",
				"${TARGET_BUILD_DIR}/${FRAMEWORKS_FOLDER_PATH}/NVActivityIndicatorView.framework",
				"${TARGET_BUILD_DIR}/${FRAMEWORKS_FOLDER_PATH}/ObjectMapper.framework",
				"${TARGET_BUILD_DIR}/${FRAMEWORKS_FOLDER_PATH}/ObjectMapper_Realm.framework",
				"${TARGET_BUILD_DIR}/${FRAMEWORKS_FOLDER_PATH}/Realm.framework",
				"${TARGET_BUILD_DIR}/${FRAMEWORKS_FOLDER_PATH}/RealmSwift.framework",
				"${TARGET_BUILD_DIR}/${FRAMEWORKS_FOLDER_PATH}/RxCocoa.framework",
				"${TARGET_BUILD_DIR}/${FRAMEWORKS_FOLDER_PATH}/RxGesture.framework",
				"${TARGET_BUILD_DIR}/${FRAMEWORKS_FOLDER_PATH}/RxSwift.framework",
				"${TARGET_BUILD_DIR}/${FRAMEWORKS_FOLDER_PATH}/SwiftMessages.framework",
				"${TARGET_BUILD_DIR}/${FRAMEWORKS_FOLDER_PATH}/SwiftyGif.framework",
				"${TARGET_BUILD_DIR}/${FRAMEWORKS_FOLDER_PATH}/YoutubePlayer_in_WKWebView.framework",
				"${TARGET_BUILD_DIR}/${FRAMEWORKS_FOLDER_PATH}/Lottie.framework",
			);
			runOnlyForDeploymentPostprocessing = 0;
			shellPath = /bin/sh;
			shellScript = "\"${SRCROOT}/Pods/Target Support Files/Pods-ExamenRappi/Pods-ExamenRappi-frameworks.sh\"\n";
			showEnvVarsInLog = 0;
		};
		FEE74DCC619026B41737159A /* [CP] Check Pods Manifest.lock */ = {
			isa = PBXShellScriptBuildPhase;
			buildActionMask = 2147483647;
			files = (
			);
			inputFileListPaths = (
			);
			inputPaths = (
				"${PODS_PODFILE_DIR_PATH}/Podfile.lock",
				"${PODS_ROOT}/Manifest.lock",
			);
			name = "[CP] Check Pods Manifest.lock";
			outputFileListPaths = (
			);
			outputPaths = (
				"$(DERIVED_FILE_DIR)/Pods-ExamenRappiUITests-checkManifestLockResult.txt",
			);
			runOnlyForDeploymentPostprocessing = 0;
			shellPath = /bin/sh;
			shellScript = "diff \"${PODS_PODFILE_DIR_PATH}/Podfile.lock\" \"${PODS_ROOT}/Manifest.lock\" > /dev/null\nif [ $? != 0 ] ; then\n    # print error to STDERR\n    echo \"error: The sandbox is not in sync with the Podfile.lock. Run 'pod install' or update your CocoaPods installation.\" >&2\n    exit 1\nfi\n# This output is used by Xcode 'outputs' to avoid re-running this script phase.\necho \"SUCCESS\" > \"${SCRIPT_OUTPUT_FILE_0}\"\n";
			showEnvVarsInLog = 0;
		};
/* End PBXShellScriptBuildPhase section */

/* Begin PBXSourcesBuildPhase section */
		88085834235B906D0077008A /* Sources */ = {
			isa = PBXSourcesBuildPhase;
			buildActionMask = 2147483647;
			files = (
				88085874235BA40C0077008A /* APIUtils.swift in Sources */,
				88085893235BAA1B0077008A /* DateExtension.swift in Sources */,
				8808588F235BA8270077008A /* RealmHelper.swift in Sources */,
				880858A2235BBB670077008A /* UICustomCollectionViewLayout.swift in Sources */,
				88B2A1E0235D4ABB00C55E5A /* MovieDetailViewController.swift in Sources */,
				88085886235BA7520077008A /* Tvs.swift in Sources */,
				8808588D235BA80D0077008A /* RealmCacheManager.swift in Sources */,
				8808588B235BA7E40077008A /* DataSourceManager.swift in Sources */,
				88085880235BA7020077008A /* Videos.swift in Sources */,
				880858B1235BD7CA0077008A /* SettingsViewController.swift in Sources */,
				88085884235BA7360077008A /* ResultsTv.swift in Sources */,
				880858A9235BD0D30077008A /* MoviesTvsShowTableViewController.swift in Sources */,
				8808589F235BB2BC0077008A /* MoviesTvsCollectionViewCell.swift in Sources */,
				88085870235B99DB0077008A /* SplashViewController.swift in Sources */,
				8808587C235BA6B20077008A /* Movies.swift in Sources */,
				8808587E235BA6E70077008A /* Results.swift in Sources */,
				8808583C235B906D0077008A /* AppDelegate.swift in Sources */,
				88085877235BA4610077008A /* Constants.swift in Sources */,
				88085882235BA7170077008A /* Errors.swift in Sources */,
				8808589A235BADF10077008A /* MoviesTvsShowCollectionViewController.swift in Sources */,
				0DD30088235ED00300EA7DE1 /* Animation.swift in Sources */,
				88085891235BA84B0077008A /* RealmCacheEntryModel.swift in Sources */,
				88085879235BA6830077008A /* ApiRouterMovies.swift in Sources */,
				880858B3235BDC010077008A /* SettingsViewModel.swift in Sources */,
				88085897235BAA7F0077008A /* RappiExtension.swift in Sources */,
				880858B5235BF8CB0077008A /* LoaderAction.swift in Sources */,
				88085888235BA7900077008A /* ServiceManager.swift in Sources */,
				880858A6235BC1540077008A /* MoviesTvsTableViewCell.swift in Sources */,
				88085895235BAA4F0077008A /* ApiRouterTvs.swift in Sources */,
			);
			runOnlyForDeploymentPostprocessing = 0;
		};
		88085848235B906E0077008A /* Sources */ = {
			isa = PBXSourcesBuildPhase;
			buildActionMask = 2147483647;
			files = (
				88085851235B906E0077008A /* ExamenRappiTests.swift in Sources */,
			);
			runOnlyForDeploymentPostprocessing = 0;
		};
		88085853235B906E0077008A /* Sources */ = {
			isa = PBXSourcesBuildPhase;
			buildActionMask = 2147483647;
			files = (
				8808585C235B906E0077008A /* ExamenRappiUITests.swift in Sources */,
			);
			runOnlyForDeploymentPostprocessing = 0;
		};
/* End PBXSourcesBuildPhase section */

/* Begin PBXTargetDependency section */
		8808584E235B906E0077008A /* PBXTargetDependency */ = {
			isa = PBXTargetDependency;
			target = 88085837235B906D0077008A /* ExamenRappi */;
			targetProxy = 8808584D235B906E0077008A /* PBXContainerItemProxy */;
		};
		88085859235B906E0077008A /* PBXTargetDependency */ = {
			isa = PBXTargetDependency;
			target = 88085837235B906D0077008A /* ExamenRappi */;
			targetProxy = 88085858235B906E0077008A /* PBXContainerItemProxy */;
		};
/* End PBXTargetDependency section */

/* Begin PBXVariantGroup section */
		8808583F235B906D0077008A /* Main.storyboard */ = {
			isa = PBXVariantGroup;
			children = (
				88085840235B906D0077008A /* Base */,
			);
			name = Main.storyboard;
			sourceTree = "<group>";
		};
		88085844235B906E0077008A /* LaunchScreen.storyboard */ = {
			isa = PBXVariantGroup;
			children = (
				88085845235B906E0077008A /* Base */,
			);
			name = LaunchScreen.storyboard;
			sourceTree = "<group>";
		};
/* End PBXVariantGroup section */

/* Begin XCBuildConfiguration section */
		8808585E235B906E0077008A /* Debug */ = {
			isa = XCBuildConfiguration;
			buildSettings = {
				ALWAYS_SEARCH_USER_PATHS = NO;
				CLANG_ANALYZER_NONNULL = YES;
				CLANG_ANALYZER_NUMBER_OBJECT_CONVERSION = YES_AGGRESSIVE;
				CLANG_CXX_LANGUAGE_STANDARD = "gnu++14";
				CLANG_CXX_LIBRARY = "libc++";
				CLANG_ENABLE_MODULES = YES;
				CLANG_ENABLE_OBJC_ARC = YES;
				CLANG_ENABLE_OBJC_WEAK = YES;
				CLANG_WARN_BLOCK_CAPTURE_AUTORELEASING = YES;
				CLANG_WARN_BOOL_CONVERSION = YES;
				CLANG_WARN_COMMA = YES;
				CLANG_WARN_CONSTANT_CONVERSION = YES;
				CLANG_WARN_DEPRECATED_OBJC_IMPLEMENTATIONS = YES;
				CLANG_WARN_DIRECT_OBJC_ISA_USAGE = YES_ERROR;
				CLANG_WARN_DOCUMENTATION_COMMENTS = YES;
				CLANG_WARN_EMPTY_BODY = YES;
				CLANG_WARN_ENUM_CONVERSION = YES;
				CLANG_WARN_INFINITE_RECURSION = YES;
				CLANG_WARN_INT_CONVERSION = YES;
				CLANG_WARN_NON_LITERAL_NULL_CONVERSION = YES;
				CLANG_WARN_OBJC_IMPLICIT_RETAIN_SELF = YES;
				CLANG_WARN_OBJC_LITERAL_CONVERSION = YES;
				CLANG_WARN_OBJC_ROOT_CLASS = YES_ERROR;
				CLANG_WARN_RANGE_LOOP_ANALYSIS = YES;
				CLANG_WARN_STRICT_PROTOTYPES = YES;
				CLANG_WARN_SUSPICIOUS_MOVE = YES;
				CLANG_WARN_UNGUARDED_AVAILABILITY = YES_AGGRESSIVE;
				CLANG_WARN_UNREACHABLE_CODE = YES;
				CLANG_WARN__DUPLICATE_METHOD_MATCH = YES;
				CODE_SIGN_IDENTITY = "iPhone Developer";
				COPY_PHASE_STRIP = NO;
				DEBUG_INFORMATION_FORMAT = dwarf;
				ENABLE_STRICT_OBJC_MSGSEND = YES;
				ENABLE_TESTABILITY = YES;
				GCC_C_LANGUAGE_STANDARD = gnu11;
				GCC_DYNAMIC_NO_PIC = NO;
				GCC_NO_COMMON_BLOCKS = YES;
				GCC_OPTIMIZATION_LEVEL = 0;
				GCC_PREPROCESSOR_DEFINITIONS = (
					"DEBUG=1",
					"$(inherited)",
				);
				GCC_WARN_64_TO_32_BIT_CONVERSION = YES;
				GCC_WARN_ABOUT_RETURN_TYPE = YES_ERROR;
				GCC_WARN_UNDECLARED_SELECTOR = YES;
				GCC_WARN_UNINITIALIZED_AUTOS = YES_AGGRESSIVE;
				GCC_WARN_UNUSED_FUNCTION = YES;
				GCC_WARN_UNUSED_VARIABLE = YES;
				IPHONEOS_DEPLOYMENT_TARGET = 11.4;
				MTL_ENABLE_DEBUG_INFO = INCLUDE_SOURCE;
				MTL_FAST_MATH = YES;
				ONLY_ACTIVE_ARCH = YES;
				SDKROOT = iphoneos;
				SWIFT_ACTIVE_COMPILATION_CONDITIONS = DEBUG;
				SWIFT_OPTIMIZATION_LEVEL = "-Onone";
			};
			name = Debug;
		};
		8808585F235B906E0077008A /* Release */ = {
			isa = XCBuildConfiguration;
			buildSettings = {
				ALWAYS_SEARCH_USER_PATHS = NO;
				CLANG_ANALYZER_NONNULL = YES;
				CLANG_ANALYZER_NUMBER_OBJECT_CONVERSION = YES_AGGRESSIVE;
				CLANG_CXX_LANGUAGE_STANDARD = "gnu++14";
				CLANG_CXX_LIBRARY = "libc++";
				CLANG_ENABLE_MODULES = YES;
				CLANG_ENABLE_OBJC_ARC = YES;
				CLANG_ENABLE_OBJC_WEAK = YES;
				CLANG_WARN_BLOCK_CAPTURE_AUTORELEASING = YES;
				CLANG_WARN_BOOL_CONVERSION = YES;
				CLANG_WARN_COMMA = YES;
				CLANG_WARN_CONSTANT_CONVERSION = YES;
				CLANG_WARN_DEPRECATED_OBJC_IMPLEMENTATIONS = YES;
				CLANG_WARN_DIRECT_OBJC_ISA_USAGE = YES_ERROR;
				CLANG_WARN_DOCUMENTATION_COMMENTS = YES;
				CLANG_WARN_EMPTY_BODY = YES;
				CLANG_WARN_ENUM_CONVERSION = YES;
				CLANG_WARN_INFINITE_RECURSION = YES;
				CLANG_WARN_INT_CONVERSION = YES;
				CLANG_WARN_NON_LITERAL_NULL_CONVERSION = YES;
				CLANG_WARN_OBJC_IMPLICIT_RETAIN_SELF = YES;
				CLANG_WARN_OBJC_LITERAL_CONVERSION = YES;
				CLANG_WARN_OBJC_ROOT_CLASS = YES_ERROR;
				CLANG_WARN_RANGE_LOOP_ANALYSIS = YES;
				CLANG_WARN_STRICT_PROTOTYPES = YES;
				CLANG_WARN_SUSPICIOUS_MOVE = YES;
				CLANG_WARN_UNGUARDED_AVAILABILITY = YES_AGGRESSIVE;
				CLANG_WARN_UNREACHABLE_CODE = YES;
				CLANG_WARN__DUPLICATE_METHOD_MATCH = YES;
				CODE_SIGN_IDENTITY = "iPhone Developer";
				COPY_PHASE_STRIP = NO;
				DEBUG_INFORMATION_FORMAT = "dwarf-with-dsym";
				ENABLE_NS_ASSERTIONS = NO;
				ENABLE_STRICT_OBJC_MSGSEND = YES;
				GCC_C_LANGUAGE_STANDARD = gnu11;
				GCC_NO_COMMON_BLOCKS = YES;
				GCC_WARN_64_TO_32_BIT_CONVERSION = YES;
				GCC_WARN_ABOUT_RETURN_TYPE = YES_ERROR;
				GCC_WARN_UNDECLARED_SELECTOR = YES;
				GCC_WARN_UNINITIALIZED_AUTOS = YES_AGGRESSIVE;
				GCC_WARN_UNUSED_FUNCTION = YES;
				GCC_WARN_UNUSED_VARIABLE = YES;
				IPHONEOS_DEPLOYMENT_TARGET = 11.4;
				MTL_ENABLE_DEBUG_INFO = NO;
				MTL_FAST_MATH = YES;
				SDKROOT = iphoneos;
				SWIFT_COMPILATION_MODE = wholemodule;
				SWIFT_OPTIMIZATION_LEVEL = "-O";
				VALIDATE_PRODUCT = YES;
			};
			name = Release;
		};
		88085861235B906E0077008A /* Debug */ = {
			isa = XCBuildConfiguration;
			baseConfigurationReference = 989BD8AF876884254A4A4595 /* Pods-ExamenRappi.debug.xcconfig */;
			buildSettings = {
				ASSETCATALOG_COMPILER_APPICON_NAME = AppIcon;
				CODE_SIGN_STYLE = Automatic;
				DEVELOPMENT_TEAM = A4ZE6AACZL;
				INFOPLIST_FILE = ExamenRappi/Info.plist;
				IPHONEOS_DEPLOYMENT_TARGET = 11.4;
				LD_RUNPATH_SEARCH_PATHS = (
					"$(inherited)",
					"@executable_path/Frameworks",
				);
				PRODUCT_BUNDLE_IDENTIFIER = com.jarcos.ExamenRappi;
				PRODUCT_NAME = "$(TARGET_NAME)";
				SWIFT_VERSION = 4.2;
				TARGETED_DEVICE_FAMILY = "1,2";
			};
			name = Debug;
		};
		88085862235B906E0077008A /* Release */ = {
			isa = XCBuildConfiguration;
			baseConfigurationReference = BECD9F1E6EBA8DE2C957C4BE /* Pods-ExamenRappi.release.xcconfig */;
			buildSettings = {
				ASSETCATALOG_COMPILER_APPICON_NAME = AppIcon;
				CODE_SIGN_STYLE = Automatic;
				DEVELOPMENT_TEAM = A4ZE6AACZL;
				INFOPLIST_FILE = ExamenRappi/Info.plist;
				IPHONEOS_DEPLOYMENT_TARGET = 11.4;
				LD_RUNPATH_SEARCH_PATHS = (
					"$(inherited)",
					"@executable_path/Frameworks",
				);
				PRODUCT_BUNDLE_IDENTIFIER = com.jarcos.ExamenRappi;
				PRODUCT_NAME = "$(TARGET_NAME)";
				SWIFT_VERSION = 4.2;
				TARGETED_DEVICE_FAMILY = "1,2";
			};
			name = Release;
		};
		88085864235B906E0077008A /* Debug */ = {
			isa = XCBuildConfiguration;
			baseConfigurationReference = 18C3D5B2CF5C6534B48E2AF3 /* Pods-ExamenRappiTests.debug.xcconfig */;
			buildSettings = {
				ALWAYS_EMBED_SWIFT_STANDARD_LIBRARIES = YES;
				BUNDLE_LOADER = "$(TEST_HOST)";
				CODE_SIGN_STYLE = Automatic;
				DEVELOPMENT_TEAM = A4ZE6AACZL;
				INFOPLIST_FILE = ExamenRappiTests/Info.plist;
				LD_RUNPATH_SEARCH_PATHS = (
					"$(inherited)",
					"@executable_path/Frameworks",
					"@loader_path/Frameworks",
				);
				PRODUCT_BUNDLE_IDENTIFIER = com.jarcos.ExamenRappiTests;
				PRODUCT_NAME = "$(TARGET_NAME)";
				SWIFT_VERSION = 4.2;
				TARGETED_DEVICE_FAMILY = "1,2";
				TEST_HOST = "$(BUILT_PRODUCTS_DIR)/ExamenRappi.app/ExamenRappi";
			};
			name = Debug;
		};
		88085865235B906E0077008A /* Release */ = {
			isa = XCBuildConfiguration;
			baseConfigurationReference = BA6540D1DD6F74812EC34C47 /* Pods-ExamenRappiTests.release.xcconfig */;
			buildSettings = {
				ALWAYS_EMBED_SWIFT_STANDARD_LIBRARIES = YES;
				BUNDLE_LOADER = "$(TEST_HOST)";
				CODE_SIGN_STYLE = Automatic;
				DEVELOPMENT_TEAM = A4ZE6AACZL;
				INFOPLIST_FILE = ExamenRappiTests/Info.plist;
				LD_RUNPATH_SEARCH_PATHS = (
					"$(inherited)",
					"@executable_path/Frameworks",
					"@loader_path/Frameworks",
				);
				PRODUCT_BUNDLE_IDENTIFIER = com.jarcos.ExamenRappiTests;
				PRODUCT_NAME = "$(TARGET_NAME)";
				SWIFT_VERSION = 4.2;
				TARGETED_DEVICE_FAMILY = "1,2";
				TEST_HOST = "$(BUILT_PRODUCTS_DIR)/ExamenRappi.app/ExamenRappi";
			};
			name = Release;
		};
		88085867235B906E0077008A /* Debug */ = {
			isa = XCBuildConfiguration;
			baseConfigurationReference = 38843903F9B7FE086DB56BA6 /* Pods-ExamenRappiUITests.debug.xcconfig */;
			buildSettings = {
				ALWAYS_EMBED_SWIFT_STANDARD_LIBRARIES = YES;
				CODE_SIGN_STYLE = Automatic;
				DEVELOPMENT_TEAM = A4ZE6AACZL;
				INFOPLIST_FILE = ExamenRappiUITests/Info.plist;
				LD_RUNPATH_SEARCH_PATHS = (
					"$(inherited)",
					"@executable_path/Frameworks",
					"@loader_path/Frameworks",
				);
				PRODUCT_BUNDLE_IDENTIFIER = com.jarcos.ExamenRappiUITests;
				PRODUCT_NAME = "$(TARGET_NAME)";
				SWIFT_VERSION = 4.2;
				TARGETED_DEVICE_FAMILY = "1,2";
				TEST_TARGET_NAME = ExamenRappi;
			};
			name = Debug;
		};
		88085868235B906E0077008A /* Release */ = {
			isa = XCBuildConfiguration;
			baseConfigurationReference = A31AA2246109C26E8A6EBA51 /* Pods-ExamenRappiUITests.release.xcconfig */;
			buildSettings = {
				ALWAYS_EMBED_SWIFT_STANDARD_LIBRARIES = YES;
				CODE_SIGN_STYLE = Automatic;
				DEVELOPMENT_TEAM = A4ZE6AACZL;
				INFOPLIST_FILE = ExamenRappiUITests/Info.plist;
				LD_RUNPATH_SEARCH_PATHS = (
					"$(inherited)",
					"@executable_path/Frameworks",
					"@loader_path/Frameworks",
				);
				PRODUCT_BUNDLE_IDENTIFIER = com.jarcos.ExamenRappiUITests;
				PRODUCT_NAME = "$(TARGET_NAME)";
				SWIFT_VERSION = 4.2;
				TARGETED_DEVICE_FAMILY = "1,2";
				TEST_TARGET_NAME = ExamenRappi;
			};
			name = Release;
		};
/* End XCBuildConfiguration section */

/* Begin XCConfigurationList section */
		88085833235B906D0077008A /* Build configuration list for PBXProject "ExamenRappi" */ = {
			isa = XCConfigurationList;
			buildConfigurations = (
				8808585E235B906E0077008A /* Debug */,
				8808585F235B906E0077008A /* Release */,
			);
			defaultConfigurationIsVisible = 0;
			defaultConfigurationName = Release;
		};
		88085860235B906E0077008A /* Build configuration list for PBXNativeTarget "ExamenRappi" */ = {
			isa = XCConfigurationList;
			buildConfigurations = (
				88085861235B906E0077008A /* Debug */,
				88085862235B906E0077008A /* Release */,
			);
			defaultConfigurationIsVisible = 0;
			defaultConfigurationName = Release;
		};
		88085863235B906E0077008A /* Build configuration list for PBXNativeTarget "ExamenRappiTests" */ = {
			isa = XCConfigurationList;
			buildConfigurations = (
				88085864235B906E0077008A /* Debug */,
				88085865235B906E0077008A /* Release */,
			);
			defaultConfigurationIsVisible = 0;
			defaultConfigurationName = Release;
		};
		88085866235B906E0077008A /* Build configuration list for PBXNativeTarget "ExamenRappiUITests" */ = {
			isa = XCConfigurationList;
			buildConfigurations = (
				88085867235B906E0077008A /* Debug */,
				88085868235B906E0077008A /* Release */,
			);
			defaultConfigurationIsVisible = 0;
			defaultConfigurationName = Release;
		};
/* End XCConfigurationList section */
	};
	rootObject = 88085830235B906D0077008A /* Project object */;
}
